
Microsoft Visual Studio Solution File, Format Version 12.00
# Visual Studio Version 17
VisualStudioVersion = 17.8.34525.116
MinimumVisualStudioVersion = 10.0.40219.1
Project("{8BC9CEB8-8B4A-11D0-8D11-00A0C91BC942}") = "зачёт 1", "зачёт 1\зачёт 1.vcxproj", "{FA6FD396-D204-4A39-9EC6-61514054E559}"
EndProject
Global
	GlobalSection(SolutionConfigurationPlatforms) = preSolution
		Debug|x64 = Debug|x64
		Debug|x86 = Debug|x86
		Release|x64 = Release|x64
		Release|x86 = Release|x86
	EndGlobalSection
	GlobalSection(ProjectConfigurationPlatforms) = postSolution
		{FA6FD396-D204-4A39-9EC6-61514054E559}.Debug|x64.ActiveCfg = Debug|x64
		{FA6FD396-D204-4A39-9EC6-61514054E559}.Debug|x64.Build.0 = Debug|x64
		{FA6FD396-D204-4A39-9EC6-61514054E559}.Debug|x86.ActiveCfg = Debug|Win32
		{FA6FD396-D204-4A39-9EC6-61514054E559}.Debug|x86.Build.0 = Debug|Win32
		{FA6FD396-D204-4A39-9EC6-61514054E559}.Release|x64.ActiveCfg = Release|x64
		{FA6FD396-D204-4A39-9EC6-61514054E559}.Release|x64.Build.0 = Release|x64
		{FA6FD396-D204-4A39-9EC6-61514054E559}.Release|x86.ActiveCfg = Release|Win32
		{FA6FD396-D204-4A39-9EC6-61514054E559}.Release|x86.Build.0 = Release|Win32
	EndGlobalSection
	GlobalSection(SolutionProperties) = preSolution
		HideSolutionNode = FALSE
	EndGlobalSection
	GlobalSection(ExtensibilityGlobals) = postSolution
		SolutionGuid = {F5F6374F-E2F1-47E6-BDFE-58C0D2616215}
	EndGlobalSection
EndGlobal
